
Microsoft Visual Studio Solution File, Format Version 12.00
Project("{FAE04EC0-301F-11D3-BF4B-00C04F79EFBC}") = "EmployeeDashboard.Api", "EmployeeDashboard.Api\EmployeeDashboard.Api.csproj", "{FA934BB7-CE45-4415-B23D-3E6621740E4B}"
EndProject
Project("{FAE04EC0-301F-11D3-BF4B-00C04F79EFBC}") = "EmployeeDashboard.Services", "EmployeeDashboard.Services\EmployeeDashboard.Services.csproj", "{F958C5B6-A047-44C6-9CFD-93D9688BCCEF}"
EndProject
Project("{FAE04EC0-301F-11D3-BF4B-00C04F79EFBC}") = "EmployeeDashboard.Data", "EmployeeDashboard.Data\EmployeeDashboard.Data.csproj", "{46097435-149A-41E5-8B9D-B7192D5A2937}"
EndProject
Project("{FAE04EC0-301F-11D3-BF4B-00C04F79EFBC}") = "EmployeeDashboard.Tests", "EmployeeDashboard.Tests\EmployeeDashboard.Tests.csproj", "{7914CF2F-BAB0-45BF-AE0E-60842AF4CC6E}"
EndProject
Global
	GlobalSection(SolutionConfigurationPlatforms) = preSolution
		Debug|Any CPU = Debug|Any CPU
		Release|Any CPU = Release|Any CPU
	EndGlobalSection
	GlobalSection(ProjectConfigurationPlatforms) = postSolution
		{FA934BB7-CE45-4415-B23D-3E6621740E4B}.Debug|Any CPU.ActiveCfg = Debug|Any CPU
		{FA934BB7-CE45-4415-B23D-3E6621740E4B}.Debug|Any CPU.Build.0 = Debug|Any CPU
		{FA934BB7-CE45-4415-B23D-3E6621740E4B}.Release|Any CPU.ActiveCfg = Release|Any CPU
		{FA934BB7-CE45-4415-B23D-3E6621740E4B}.Release|Any CPU.Build.0 = Release|Any CPU
		{F958C5B6-A047-44C6-9CFD-93D9688BCCEF}.Debug|Any CPU.ActiveCfg = Debug|Any CPU
		{F958C5B6-A047-44C6-9CFD-93D9688BCCEF}.Debug|Any CPU.Build.0 = Debug|Any CPU
		{F958C5B6-A047-44C6-9CFD-93D9688BCCEF}.Release|Any CPU.ActiveCfg = Release|Any CPU
		{F958C5B6-A047-44C6-9CFD-93D9688BCCEF}.Release|Any CPU.Build.0 = Release|Any CPU
		{46097435-149A-41E5-8B9D-B7192D5A2937}.Debug|Any CPU.ActiveCfg = Debug|Any CPU
		{46097435-149A-41E5-8B9D-B7192D5A2937}.Debug|Any CPU.Build.0 = Debug|Any CPU
		{46097435-149A-41E5-8B9D-B7192D5A2937}.Release|Any CPU.ActiveCfg = Release|Any CPU
		{46097435-149A-41E5-8B9D-B7192D5A2937}.Release|Any CPU.Build.0 = Release|Any CPU
		{7914CF2F-BAB0-45BF-AE0E-60842AF4CC6E}.Debug|Any CPU.ActiveCfg = Debug|Any CPU
		{7914CF2F-BAB0-45BF-AE0E-60842AF4CC6E}.Debug|Any CPU.Build.0 = Debug|Any CPU
		{7914CF2F-BAB0-45BF-AE0E-60842AF4CC6E}.Release|Any CPU.ActiveCfg = Release|Any CPU
		{7914CF2F-BAB0-45BF-AE0E-60842AF4CC6E}.Release|Any CPU.Build.0 = Release|Any CPU
	EndGlobalSection
EndGlobal
